
Microsoft Visual Studio Solution File, Format Version 12.00
# Visual Studio Version 16
VisualStudioVersion = 16.0.32510.428
MinimumVisualStudioVersion = 10.0.40219.1
Project("{FAE04EC0-301F-11D3-BF4B-00C04F79EFBC}") = "Mobi _Shop", "Mobi _Shop.csproj", "{69B46DC7-AF93-4AEA-90A6-7A96A485732B}"
EndProject
Global
	GlobalSection(SolutionConfigurationPlatforms) = preSolution
		Debug|Any CPU = Debug|Any CPU
		Release|Any CPU = Release|Any CPU
	EndGlobalSection
	GlobalSection(ProjectConfigurationPlatforms) = postSolution
		{69B46DC7-AF93-4AEA-90A6-7A96A485732B}.Debug|Any CPU.ActiveCfg = Debug|Any CPU
		{69B46DC7-AF93-4AEA-90A6-7A96A485732B}.Debug|Any CPU.Build.0 = Debug|Any CPU
		{69B46DC7-AF93-4AEA-90A6-7A96A485732B}.Release|Any CPU.ActiveCfg = Release|Any CPU
		{69B46DC7-AF93-4AEA-90A6-7A96A485732B}.Release|Any CPU.Build.0 = Release|Any CPU
	EndGlobalSection
	GlobalSection(SolutionProperties) = preSolution
		HideSolutionNode = FALSE
	EndGlobalSection
	GlobalSection(ExtensibilityGlobals) = postSolution
		SolutionGuid = {0C139211-0D94-4DC1-AEE1-EA5D12C73524}
	EndGlobalSection
EndGlobal
